// !$*UTF8*$!
{
	archiveVersion = 1;
	classes = {
	};
	objectVersion = 46;
	objects = {

/* Begin PBXBuildFile section */
		6D0B2ED41C04DE6A00BE9AC5 /* AppDelegate.swift in Sources */ = {isa = PBXBuildFile; fileRef = 6D0B2ED31C04DE6A00BE9AC5 /* AppDelegate.swift */; };
		6D0B2ED61C04DE6A00BE9AC5 /* ViewController.swift in Sources */ = {isa = PBXBuildFile; fileRef = 6D0B2ED51C04DE6A00BE9AC5 /* ViewController.swift */; };
		6D0B2ED91C04DE6A00BE9AC5 /* Main.storyboard in Resources */ = {isa = PBXBuildFile; fileRef = 6D0B2ED71C04DE6A00BE9AC5 /* Main.storyboard */; };
		6D0B2EDB1C04DE6A00BE9AC5 /* Assets.xcassets in Resources */ = {isa = PBXBuildFile; fileRef = 6D0B2EDA1C04DE6A00BE9AC5 /* Assets.xcassets */; };
		6D0B2EDE1C04DE6A00BE9AC5 /* LaunchScreen.storyboard in Resources */ = {isa = PBXBuildFile; fileRef = 6D0B2EDC1C04DE6A00BE9AC5 /* LaunchScreen.storyboard */; };
		6D0B2EE91C04DE6A00BE9AC5 /* StarWarsVIITests.swift in Sources */ = {isa = PBXBuildFile; fileRef = 6D0B2EE81C04DE6A00BE9AC5 /* StarWarsVIITests.swift */; };
		6D0B2EF51C04E51100BE9AC5 /* StarWarsCharacter.swift in Sources */ = {isa = PBXBuildFile; fileRef = 6D0B2EF41C04E51100BE9AC5 /* StarWarsCharacter.swift */; };
		6D0B2EF81C06052C00BE9AC5 /* Affiliations.swift in Sources */ = {isa = PBXBuildFile; fileRef = 6D0B2EF71C06052C00BE9AC5 /* Affiliations.swift */; };
		6D0B2EFA1C066F0600BE9AC5 /* ForceSensitive.swift in Sources */ = {isa = PBXBuildFile; fileRef = 6D0B2EF91C066F0600BE9AC5 /* ForceSensitive.swift */; };
		6D0B2F561C06770100BE9AC5 /* c3po.caf in Resources */ = {isa = PBXBuildFile; fileRef = 6D0B2F381C06770100BE9AC5 /* c3po.caf */; };
		6D0B2F571C06770100BE9AC5 /* c3po.jpg in Resources */ = {isa = PBXBuildFile; fileRef = 6D0B2F391C06770100BE9AC5 /* c3po.jpg */; };
		6D0B2F581C06770100BE9AC5 /* chewie.caf in Resources */ = {isa = PBXBuildFile; fileRef = 6D0B2F3A1C06770100BE9AC5 /* chewie.caf */; };
		6D0B2F591C06770100BE9AC5 /* chewie.jpg in Resources */ = {isa = PBXBuildFile; fileRef = 6D0B2F3B1C06770100BE9AC5 /* chewie.jpg */; };
		6D0B2F5A1C06770100BE9AC5 /* forceSensitives.json in Resources */ = {isa = PBXBuildFile; fileRef = 6D0B2F3C1C06770100BE9AC5 /* forceSensitives.json */; };
		6D0B2F5B1C06770100BE9AC5 /* greedo.caf in Resources */ = {isa = PBXBuildFile; fileRef = 6D0B2F3D1C06770100BE9AC5 /* greedo.caf */; };
		6D0B2F5C1C06770100BE9AC5 /* greedo.jpg in Resources */ = {isa = PBXBuildFile; fileRef = 6D0B2F3E1C06770100BE9AC5 /* greedo.jpg */; };
		6D0B2F5D1C06770100BE9AC5 /* jabba.caf in Resources */ = {isa = PBXBuildFile; fileRef = 6D0B2F3F1C06770100BE9AC5 /* jabba.caf */; };
		6D0B2F5E1C06770100BE9AC5 /* jabba.jpg in Resources */ = {isa = PBXBuildFile; fileRef = 6D0B2F401C06770100BE9AC5 /* jabba.jpg */; };
		6D0B2F5F1C06770100BE9AC5 /* kylo.caf in Resources */ = {isa = PBXBuildFile; fileRef = 6D0B2F411C06770100BE9AC5 /* kylo.caf */; };
		6D0B2F601C06770100BE9AC5 /* kylo.jpg in Resources */ = {isa = PBXBuildFile; fileRef = 6D0B2F421C06770100BE9AC5 /* kylo.jpg */; };
		6D0B2F611C06770100BE9AC5 /* leia.caf in Resources */ = {isa = PBXBuildFile; fileRef = 6D0B2F431C06770100BE9AC5 /* leia.caf */; };
		6D0B2F621C06770100BE9AC5 /* leia.jpg in Resources */ = {isa = PBXBuildFile; fileRef = 6D0B2F441C06770100BE9AC5 /* leia.jpg */; };
		6D0B2F631C06770100BE9AC5 /* luke.caf in Resources */ = {isa = PBXBuildFile; fileRef = 6D0B2F451C06770100BE9AC5 /* luke.caf */; };
		6D0B2F641C06770100BE9AC5 /* luke.jpg in Resources */ = {isa = PBXBuildFile; fileRef = 6D0B2F461C06770100BE9AC5 /* luke.jpg */; };
		6D0B2F651C06770100BE9AC5 /* motti.caf in Resources */ = {isa = PBXBuildFile; fileRef = 6D0B2F471C06770100BE9AC5 /* motti.caf */; };
		6D0B2F661C06770100BE9AC5 /* motti.jpg in Resources */ = {isa = PBXBuildFile; fileRef = 6D0B2F481C06770100BE9AC5 /* motti.jpg */; };
		6D0B2F671C06770100BE9AC5 /* obiwan.caf in Resources */ = {isa = PBXBuildFile; fileRef = 6D0B2F491C06770100BE9AC5 /* obiwan.caf */; };
		6D0B2F681C06770100BE9AC5 /* obiwan.jpg in Resources */ = {isa = PBXBuildFile; fileRef = 6D0B2F4A1C06770100BE9AC5 /* obiwan.jpg */; };
		6D0B2F691C06770100BE9AC5 /* palpatine.caf in Resources */ = {isa = PBXBuildFile; fileRef = 6D0B2F4B1C06770100BE9AC5 /* palpatine.caf */; };
		6D0B2F6A1C06770100BE9AC5 /* palpatine.jpg in Resources */ = {isa = PBXBuildFile; fileRef = 6D0B2F4C1C06770100BE9AC5 /* palpatine.jpg */; };
		6D0B2F6B1C06770100BE9AC5 /* r2-d2.caf in Resources */ = {isa = PBXBuildFile; fileRef = 6D0B2F4D1C06770100BE9AC5 /* r2-d2.caf */; };
		6D0B2F6C1C06770100BE9AC5 /* r2-d2.jpg in Resources */ = {isa = PBXBuildFile; fileRef = 6D0B2F4E1C06770100BE9AC5 /* r2-d2.jpg */; };
		6D0B2F6D1C06770100BE9AC5 /* regularCharacters.json in Resources */ = {isa = PBXBuildFile; fileRef = 6D0B2F4F1C06770100BE9AC5 /* regularCharacters.json */; };
		6D0B2F6E1C06770100BE9AC5 /* tarkin.caf in Resources */ = {isa = PBXBuildFile; fileRef = 6D0B2F501C06770100BE9AC5 /* tarkin.caf */; };
		6D0B2F6F1C06770100BE9AC5 /* tarkin.jpg in Resources */ = {isa = PBXBuildFile; fileRef = 6D0B2F511C06770100BE9AC5 /* tarkin.jpg */; };
		6D0B2F701C06770100BE9AC5 /* vader.caf in Resources */ = {isa = PBXBuildFile; fileRef = 6D0B2F521C06770100BE9AC5 /* vader.caf */; };
		6D0B2F711C06770100BE9AC5 /* vader.jpg in Resources */ = {isa = PBXBuildFile; fileRef = 6D0B2F531C06770100BE9AC5 /* vader.jpg */; };
		6D0B2F721C06770100BE9AC5 /* yoda.caf in Resources */ = {isa = PBXBuildFile; fileRef = 6D0B2F541C06770100BE9AC5 /* yoda.caf */; };
		6D0B2F731C06770100BE9AC5 /* yoda.jpg in Resources */ = {isa = PBXBuildFile; fileRef = 6D0B2F551C06770100BE9AC5 /* yoda.jpg */; };
		6D127C821C07A8390086C457 /* JSONProcessing.swift in Sources */ = {isa = PBXBuildFile; fileRef = 6D127C811C07A8390086C457 /* JSONProcessing.swift */; };
		6D127C851C07B6CE0086C457 /* FoundationExtensions.swift in Sources */ = {isa = PBXBuildFile; fileRef = 6D127C841C07B6CE0086C457 /* FoundationExtensions.swift */; };
		6D127C871C09C2BD0086C457 /* StarWarsUniverse.swift in Sources */ = {isa = PBXBuildFile; fileRef = 6D127C861C09C2BD0086C457 /* StarWarsUniverse.swift */; };
/* End PBXBuildFile section */

/* Begin PBXContainerItemProxy section */
		6D0B2EE51C04DE6A00BE9AC5 /* PBXContainerItemProxy */ = {
			isa = PBXContainerItemProxy;
			containerPortal = 6D0B2EC81C04DE6A00BE9AC5 /* Project object */;
			proxyType = 1;
			remoteGlobalIDString = 6D0B2ECF1C04DE6A00BE9AC5;
			remoteInfo = StarWarsVII;
		};
/* End PBXContainerItemProxy section */

/* Begin PBXFileReference section */
		6D0B2ED01C04DE6A00BE9AC5 /* StarWarsVII.app */ = {isa = PBXFileReference; explicitFileType = wrapper.application; includeInIndex = 0; path = StarWarsVII.app; sourceTree = BUILT_PRODUCTS_DIR; };
		6D0B2ED31C04DE6A00BE9AC5 /* AppDelegate.swift */ = {isa = PBXFileReference; lastKnownFileType = sourcecode.swift; path = AppDelegate.swift; sourceTree = "<group>"; };
		6D0B2ED51C04DE6A00BE9AC5 /* ViewController.swift */ = {isa = PBXFileReference; lastKnownFileType = sourcecode.swift; path = ViewController.swift; sourceTree = "<group>"; };
		6D0B2ED81C04DE6A00BE9AC5 /* Base */ = {isa = PBXFileReference; lastKnownFileType = file.storyboard; name = Base; path = Base.lproj/Main.storyboard; sourceTree = "<group>"; };
		6D0B2EDA1C04DE6A00BE9AC5 /* Assets.xcassets */ = {isa = PBXFileReference; lastKnownFileType = folder.assetcatalog; path = Assets.xcassets; sourceTree = "<group>"; };
		6D0B2EDD1C04DE6A00BE9AC5 /* Base */ = {isa = PBXFileReference; lastKnownFileType = file.storyboard; name = Base; path = Base.lproj/LaunchScreen.storyboard; sourceTree = "<group>"; };
		6D0B2EDF1C04DE6A00BE9AC5 /* Info.plist */ = {isa = PBXFileReference; lastKnownFileType = text.plist.xml; path = Info.plist; sourceTree = "<group>"; };
		6D0B2EE41C04DE6A00BE9AC5 /* StarWarsVIITests.xctest */ = {isa = PBXFileReference; explicitFileType = wrapper.cfbundle; includeInIndex = 0; path = StarWarsVIITests.xctest; sourceTree = BUILT_PRODUCTS_DIR; };
		6D0B2EE81C04DE6A00BE9AC5 /* StarWarsVIITests.swift */ = {isa = PBXFileReference; lastKnownFileType = sourcecode.swift; path = StarWarsVIITests.swift; sourceTree = "<group>"; };
		6D0B2EEA1C04DE6A00BE9AC5 /* Info.plist */ = {isa = PBXFileReference; lastKnownFileType = text.plist.xml; path = Info.plist; sourceTree = "<group>"; };
		6D0B2EF41C04E51100BE9AC5 /* StarWarsCharacter.swift */ = {isa = PBXFileReference; fileEncoding = 4; lastKnownFileType = sourcecode.swift; path = StarWarsCharacter.swift; sourceTree = "<group>"; };
		6D0B2EF71C06052C00BE9AC5 /* Affiliations.swift */ = {isa = PBXFileReference; fileEncoding = 4; lastKnownFileType = sourcecode.swift; path = Affiliations.swift; sourceTree = "<group>"; };
		6D0B2EF91C066F0600BE9AC5 /* ForceSensitive.swift */ = {isa = PBXFileReference; fileEncoding = 4; lastKnownFileType = sourcecode.swift; path = ForceSensitive.swift; sourceTree = "<group>"; };
		6D0B2F381C06770100BE9AC5 /* c3po.caf */ = {isa = PBXFileReference; lastKnownFileType = file; path = c3po.caf; sourceTree = "<group>"; };
		6D0B2F391C06770100BE9AC5 /* c3po.jpg */ = {isa = PBXFileReference; lastKnownFileType = image.jpeg; path = c3po.jpg; sourceTree = "<group>"; };
		6D0B2F3A1C06770100BE9AC5 /* chewie.caf */ = {isa = PBXFileReference; lastKnownFileType = file; path = chewie.caf; sourceTree = "<group>"; };
		6D0B2F3B1C06770100BE9AC5 /* chewie.jpg */ = {isa = PBXFileReference; lastKnownFileType = image.jpeg; path = chewie.jpg; sourceTree = "<group>"; };
		6D0B2F3C1C06770100BE9AC5 /* forceSensitives.json */ = {isa = PBXFileReference; fileEncoding = 4; lastKnownFileType = text.json; path = forceSensitives.json; sourceTree = "<group>"; };
		6D0B2F3D1C06770100BE9AC5 /* greedo.caf */ = {isa = PBXFileReference; lastKnownFileType = file; path = greedo.caf; sourceTree = "<group>"; };
		6D0B2F3E1C06770100BE9AC5 /* greedo.jpg */ = {isa = PBXFileReference; lastKnownFileType = image.jpeg; path = greedo.jpg; sourceTree = "<group>"; };
		6D0B2F3F1C06770100BE9AC5 /* jabba.caf */ = {isa = PBXFileReference; lastKnownFileType = file; path = jabba.caf; sourceTree = "<group>"; };
		6D0B2F401C06770100BE9AC5 /* jabba.jpg */ = {isa = PBXFileReference; lastKnownFileType = image.jpeg; path = jabba.jpg; sourceTree = "<group>"; };
		6D0B2F411C06770100BE9AC5 /* kylo.caf */ = {isa = PBXFileReference; lastKnownFileType = file; path = kylo.caf; sourceTree = "<group>"; };
		6D0B2F421C06770100BE9AC5 /* kylo.jpg */ = {isa = PBXFileReference; lastKnownFileType = image.jpeg; path = kylo.jpg; sourceTree = "<group>"; };
		6D0B2F431C06770100BE9AC5 /* leia.caf */ = {isa = PBXFileReference; lastKnownFileType = file; path = leia.caf; sourceTree = "<group>"; };
		6D0B2F441C06770100BE9AC5 /* leia.jpg */ = {isa = PBXFileReference; lastKnownFileType = image.jpeg; path = leia.jpg; sourceTree = "<group>"; };
		6D0B2F451C06770100BE9AC5 /* luke.caf */ = {isa = PBXFileReference; lastKnownFileType = file; path = luke.caf; sourceTree = "<group>"; };
		6D0B2F461C06770100BE9AC5 /* luke.jpg */ = {isa = PBXFileReference; lastKnownFileType = image.jpeg; path = luke.jpg; sourceTree = "<group>"; };
		6D0B2F471C06770100BE9AC5 /* motti.caf */ = {isa = PBXFileReference; lastKnownFileType = file; path = motti.caf; sourceTree = "<group>"; };
		6D0B2F481C06770100BE9AC5 /* motti.jpg */ = {isa = PBXFileReference; lastKnownFileType = image.jpeg; path = motti.jpg; sourceTree = "<group>"; };
		6D0B2F491C06770100BE9AC5 /* obiwan.caf */ = {isa = PBXFileReference; lastKnownFileType = file; path = obiwan.caf; sourceTree = "<group>"; };
		6D0B2F4A1C06770100BE9AC5 /* obiwan.jpg */ = {isa = PBXFileReference; lastKnownFileType = image.jpeg; path = obiwan.jpg; sourceTree = "<group>"; };
		6D0B2F4B1C06770100BE9AC5 /* palpatine.caf */ = {isa = PBXFileReference; lastKnownFileType = file; path = palpatine.caf; sourceTree = "<group>"; };
		6D0B2F4C1C06770100BE9AC5 /* palpatine.jpg */ = {isa = PBXFileReference; lastKnownFileType = image.jpeg; path = palpatine.jpg; sourceTree = "<group>"; };
		6D0B2F4D1C06770100BE9AC5 /* r2-d2.caf */ = {isa = PBXFileReference; lastKnownFileType = file; path = "r2-d2.caf"; sourceTree = "<group>"; };
		6D0B2F4E1C06770100BE9AC5 /* r2-d2.jpg */ = {isa = PBXFileReference; lastKnownFileType = image.jpeg; path = "r2-d2.jpg"; sourceTree = "<group>"; };
		6D0B2F4F1C06770100BE9AC5 /* regularCharacters.json */ = {isa = PBXFileReference; fileEncoding = 4; lastKnownFileType = text.json; path = regularCharacters.json; sourceTree = "<group>"; };
		6D0B2F501C06770100BE9AC5 /* tarkin.caf */ = {isa = PBXFileReference; lastKnownFileType = file; path = tarkin.caf; sourceTree = "<group>"; };
		6D0B2F511C06770100BE9AC5 /* tarkin.jpg */ = {isa = PBXFileReference; lastKnownFileType = image.jpeg; path = tarkin.jpg; sourceTree = "<group>"; };
		6D0B2F521C06770100BE9AC5 /* vader.caf */ = {isa = PBXFileReference; lastKnownFileType = file; path = vader.caf; sourceTree = "<group>"; };
		6D0B2F531C06770100BE9AC5 /* vader.jpg */ = {isa = PBXFileReference; lastKnownFileType = image.jpeg; path = vader.jpg; sourceTree = "<group>"; };
		6D0B2F541C06770100BE9AC5 /* yoda.caf */ = {isa = PBXFileReference; lastKnownFileType = file; path = yoda.caf; sourceTree = "<group>"; };
		6D0B2F551C06770100BE9AC5 /* yoda.jpg */ = {isa = PBXFileReference; lastKnownFileType = image.jpeg; path = yoda.jpg; sourceTree = "<group>"; };
		6D127C811C07A8390086C457 /* JSONProcessing.swift */ = {isa = PBXFileReference; fileEncoding = 4; lastKnownFileType = sourcecode.swift; path = JSONProcessing.swift; sourceTree = "<group>"; };
		6D127C841C07B6CE0086C457 /* FoundationExtensions.swift */ = {isa = PBXFileReference; fileEncoding = 4; lastKnownFileType = sourcecode.swift; path = FoundationExtensions.swift; sourceTree = "<group>"; };
		6D127C861C09C2BD0086C457 /* StarWarsUniverse.swift */ = {isa = PBXFileReference; fileEncoding = 4; lastKnownFileType = sourcecode.swift; path = StarWarsUniverse.swift; sourceTree = "<group>"; };
/* End PBXFileReference section */

/* Begin PBXFrameworksBuildPhase section */
		6D0B2ECD1C04DE6A00BE9AC5 /* Frameworks */ = {
			isa = PBXFrameworksBuildPhase;
			buildActionMask = 2147483647;
			files = (
			);
			runOnlyForDeploymentPostprocessing = 0;
		};
		6D0B2EE11C04DE6A00BE9AC5 /* Frameworks */ = {
			isa = PBXFrameworksBuildPhase;
			buildActionMask = 2147483647;
			files = (
			);
			runOnlyForDeploymentPostprocessing = 0;
		};
/* End PBXFrameworksBuildPhase section */

/* Begin PBXGroup section */
		6D0B2EC71C04DE6A00BE9AC5 = {
			isa = PBXGroup;
			children = (
				6D0B2ED21C04DE6A00BE9AC5 /* StarWarsVII */,
				6D0B2EE71C04DE6A00BE9AC5 /* StarWarsVIITests */,
				6D0B2ED11C04DE6A00BE9AC5 /* Products */,
			);
			sourceTree = "<group>";
		};
		6D0B2ED11C04DE6A00BE9AC5 /* Products */ = {
			isa = PBXGroup;
			children = (
				6D0B2ED01C04DE6A00BE9AC5 /* StarWarsVII.app */,
				6D0B2EE41C04DE6A00BE9AC5 /* StarWarsVIITests.xctest */,
			);
			name = Products;
			sourceTree = "<group>";
		};
		6D0B2ED21C04DE6A00BE9AC5 /* StarWarsVII */ = {
			isa = PBXGroup;
			children = (
				6D127C831C07B6980086C457 /* Framework */,
				6D0B2EF31C04DFB900BE9AC5 /* App */,
			);
			path = StarWarsVII;
			sourceTree = "<group>";
		};
		6D0B2EE71C04DE6A00BE9AC5 /* StarWarsVIITests */ = {
			isa = PBXGroup;
			children = (
				6D0B2EE81C04DE6A00BE9AC5 /* StarWarsVIITests.swift */,
				6D0B2EEA1C04DE6A00BE9AC5 /* Info.plist */,
			);
			path = StarWarsVIITests;
			sourceTree = "<group>";
		};
		6D0B2EF31C04DFB900BE9AC5 /* App */ = {
			isa = PBXGroup;
			children = (
				6D0B2EFB1C06767200BE9AC5 /* Resources */,
				6D0B2EF61C04E51600BE9AC5 /* Models */,
				6D0B2ED31C04DE6A00BE9AC5 /* AppDelegate.swift */,
				6D0B2ED51C04DE6A00BE9AC5 /* ViewController.swift */,
				6D0B2ED71C04DE6A00BE9AC5 /* Main.storyboard */,
				6D0B2EDA1C04DE6A00BE9AC5 /* Assets.xcassets */,
				6D0B2EDC1C04DE6A00BE9AC5 /* LaunchScreen.storyboard */,
				6D0B2EDF1C04DE6A00BE9AC5 /* Info.plist */,
			);
			name = App;
			sourceTree = "<group>";
		};
		6D0B2EF61C04E51600BE9AC5 /* Models */ = {
			isa = PBXGroup;
			children = (
				6D0B2EF41C04E51100BE9AC5 /* StarWarsCharacter.swift */,
				6D0B2EF71C06052C00BE9AC5 /* Affiliations.swift */,
				6D0B2EF91C066F0600BE9AC5 /* ForceSensitive.swift */,
				6D127C811C07A8390086C457 /* JSONProcessing.swift */,
				6D127C861C09C2BD0086C457 /* StarWarsUniverse.swift */,
			);
			name = Models;
			sourceTree = "<group>";
		};
		6D0B2EFB1C06767200BE9AC5 /* Resources */ = {
			isa = PBXGroup;
			children = (
				6D0B2F381C06770100BE9AC5 /* c3po.caf */,
				6D0B2F391C06770100BE9AC5 /* c3po.jpg */,
				6D0B2F3A1C06770100BE9AC5 /* chewie.caf */,
				6D0B2F3B1C06770100BE9AC5 /* chewie.jpg */,
				6D0B2F3C1C06770100BE9AC5 /* forceSensitives.json */,
				6D0B2F3D1C06770100BE9AC5 /* greedo.caf */,
				6D0B2F3E1C06770100BE9AC5 /* greedo.jpg */,
				6D0B2F3F1C06770100BE9AC5 /* jabba.caf */,
				6D0B2F401C06770100BE9AC5 /* jabba.jpg */,
				6D0B2F411C06770100BE9AC5 /* kylo.caf */,
				6D0B2F421C06770100BE9AC5 /* kylo.jpg */,
				6D0B2F431C06770100BE9AC5 /* leia.caf */,
				6D0B2F441C06770100BE9AC5 /* leia.jpg */,
				6D0B2F451C06770100BE9AC5 /* luke.caf */,
				6D0B2F461C06770100BE9AC5 /* luke.jpg */,
				6D0B2F471C06770100BE9AC5 /* motti.caf */,
				6D0B2F481C06770100BE9AC5 /* motti.jpg */,
				6D0B2F491C06770100BE9AC5 /* obiwan.caf */,
				6D0B2F4A1C06770100BE9AC5 /* obiwan.jpg */,
				6D0B2F4B1C06770100BE9AC5 /* palpatine.caf */,
				6D0B2F4C1C06770100BE9AC5 /* palpatine.jpg */,
				6D0B2F4D1C06770100BE9AC5 /* r2-d2.caf */,
				6D0B2F4E1C06770100BE9AC5 /* r2-d2.jpg */,
				6D0B2F4F1C06770100BE9AC5 /* regularCharacters.json */,
				6D0B2F501C06770100BE9AC5 /* tarkin.caf */,
				6D0B2F511C06770100BE9AC5 /* tarkin.jpg */,
				6D0B2F521C06770100BE9AC5 /* vader.caf */,
				6D0B2F531C06770100BE9AC5 /* vader.jpg */,
				6D0B2F541C06770100BE9AC5 /* yoda.caf */,
				6D0B2F551C06770100BE9AC5 /* yoda.jpg */,
			);
			name = Resources;
			sourceTree = "<group>";
		};
		6D127C831C07B6980086C457 /* Framework */ = {
			isa = PBXGroup;
			children = (
				6D127C841C07B6CE0086C457 /* FoundationExtensions.swift */,
			);
			name = Framework;
			sourceTree = "<group>";
		};
/* End PBXGroup section */

/* Begin PBXNativeTarget section */
		6D0B2ECF1C04DE6A00BE9AC5 /* StarWarsVII */ = {
			isa = PBXNativeTarget;
			buildConfigurationList = 6D0B2EED1C04DE6A00BE9AC5 /* Build configuration list for PBXNativeTarget "StarWarsVII" */;
			buildPhases = (
				6D0B2ECC1C04DE6A00BE9AC5 /* Sources */,
				6D0B2ECD1C04DE6A00BE9AC5 /* Frameworks */,
				6D0B2ECE1C04DE6A00BE9AC5 /* Resources */,
			);
			buildRules = (
			);
			dependencies = (
			);
			name = StarWarsVII;
			productName = StarWarsVII;
			productReference = 6D0B2ED01C04DE6A00BE9AC5 /* StarWarsVII.app */;
			productType = "com.apple.product-type.application";
		};
		6D0B2EE31C04DE6A00BE9AC5 /* StarWarsVIITests */ = {
			isa = PBXNativeTarget;
			buildConfigurationList = 6D0B2EF01C04DE6A00BE9AC5 /* Build configuration list for PBXNativeTarget "StarWarsVIITests" */;
			buildPhases = (
				6D0B2EE01C04DE6A00BE9AC5 /* Sources */,
				6D0B2EE11C04DE6A00BE9AC5 /* Frameworks */,
				6D0B2EE21C04DE6A00BE9AC5 /* Resources */,
			);
			buildRules = (
			);
			dependencies = (
				6D0B2EE61C04DE6A00BE9AC5 /* PBXTargetDependency */,
			);
			name = StarWarsVIITests;
			productName = StarWarsVIITests;
			productReference = 6D0B2EE41C04DE6A00BE9AC5 /* StarWarsVIITests.xctest */;
			productType = "com.apple.product-type.bundle.unit-test";
		};
/* End PBXNativeTarget section */

/* Begin PBXProject section */
		6D0B2EC81C04DE6A00BE9AC5 /* Project object */ = {
			isa = PBXProject;
			attributes = {
				LastSwiftUpdateCheck = 0710;
				LastUpgradeCheck = 0710;
				ORGANIZATIONNAME = "Gabriel Trabanco Llano";
				TargetAttributes = {
					6D0B2ECF1C04DE6A00BE9AC5 = {
						CreatedOnToolsVersion = 7.1.1;
						DevelopmentTeam = P27DAH8UBL;
					};
					6D0B2EE31C04DE6A00BE9AC5 = {
						CreatedOnToolsVersion = 7.1.1;
						TestTargetID = 6D0B2ECF1C04DE6A00BE9AC5;
					};
				};
			};
			buildConfigurationList = 6D0B2ECB1C04DE6A00BE9AC5 /* Build configuration list for PBXProject "StarWarsVII" */;
			compatibilityVersion = "Xcode 3.2";
			developmentRegion = English;
			hasScannedForEncodings = 0;
			knownRegions = (
				en,
				Base,
			);
			mainGroup = 6D0B2EC71C04DE6A00BE9AC5;
			productRefGroup = 6D0B2ED11C04DE6A00BE9AC5 /* Products */;
			projectDirPath = "";
			projectRoot = "";
			targets = (
				6D0B2ECF1C04DE6A00BE9AC5 /* StarWarsVII */,
				6D0B2EE31C04DE6A00BE9AC5 /* StarWarsVIITests */,
			);
		};
/* End PBXProject section */

/* Begin PBXResourcesBuildPhase section */
		6D0B2ECE1C04DE6A00BE9AC5 /* Resources */ = {
			isa = PBXResourcesBuildPhase;
			buildActionMask = 2147483647;
			files = (
				6D0B2F711C06770100BE9AC5 /* vader.jpg in Resources */,
				6D0B2F731C06770100BE9AC5 /* yoda.jpg in Resources */,
				6D0B2F5E1C06770100BE9AC5 /* jabba.jpg in Resources */,
				6D0B2F5A1C06770100BE9AC5 /* forceSensitives.json in Resources */,
				6D0B2F6A1C06770100BE9AC5 /* palpatine.jpg in Resources */,
				6D0B2F6E1C06770100BE9AC5 /* tarkin.caf in Resources */,
				6D0B2F621C06770100BE9AC5 /* leia.jpg in Resources */,
				6D0B2F651C06770100BE9AC5 /* motti.caf in Resources */,
				6D0B2F6C1C06770100BE9AC5 /* r2-d2.jpg in Resources */,
				6D0B2F6F1C06770100BE9AC5 /* tarkin.jpg in Resources */,
				6D0B2F601C06770100BE9AC5 /* kylo.jpg in Resources */,
				6D0B2F641C06770100BE9AC5 /* luke.jpg in Resources */,
				6D0B2F611C06770100BE9AC5 /* leia.caf in Resources */,
				6D0B2F5D1C06770100BE9AC5 /* jabba.caf in Resources */,
				6D0B2F721C06770100BE9AC5 /* yoda.caf in Resources */,
				6D0B2EDE1C04DE6A00BE9AC5 /* LaunchScreen.storyboard in Resources */,
				6D0B2F671C06770100BE9AC5 /* obiwan.caf in Resources */,
				6D0B2F571C06770100BE9AC5 /* c3po.jpg in Resources */,
				6D0B2F681C06770100BE9AC5 /* obiwan.jpg in Resources */,
				6D0B2F561C06770100BE9AC5 /* c3po.caf in Resources */,
				6D0B2F5F1C06770100BE9AC5 /* kylo.caf in Resources */,
				6D0B2F6D1C06770100BE9AC5 /* regularCharacters.json in Resources */,
				6D0B2F691C06770100BE9AC5 /* palpatine.caf in Resources */,
				6D0B2F581C06770100BE9AC5 /* chewie.caf in Resources */,
				6D0B2F6B1C06770100BE9AC5 /* r2-d2.caf in Resources */,
				6D0B2F661C06770100BE9AC5 /* motti.jpg in Resources */,
				6D0B2F5C1C06770100BE9AC5 /* greedo.jpg in Resources */,
				6D0B2F5B1C06770100BE9AC5 /* greedo.caf in Resources */,
				6D0B2F701C06770100BE9AC5 /* vader.caf in Resources */,
				6D0B2F591C06770100BE9AC5 /* chewie.jpg in Resources */,
				6D0B2F631C06770100BE9AC5 /* luke.caf in Resources */,
				6D0B2EDB1C04DE6A00BE9AC5 /* Assets.xcassets in Resources */,
				6D0B2ED91C04DE6A00BE9AC5 /* Main.storyboard in Resources */,
			);
			runOnlyForDeploymentPostprocessing = 0;
		};
		6D0B2EE21C04DE6A00BE9AC5 /* Resources */ = {
			isa = PBXResourcesBuildPhase;
			buildActionMask = 2147483647;
			files = (
			);
			runOnlyForDeploymentPostprocessing = 0;
		};
/* End PBXResourcesBuildPhase section */

/* Begin PBXSourcesBuildPhase section */
		6D0B2ECC1C04DE6A00BE9AC5 /* Sources */ = {
			isa = PBXSourcesBuildPhase;
			buildActionMask = 2147483647;
			files = (
				6D127C851C07B6CE0086C457 /* FoundationExtensions.swift in Sources */,
				6D127C871C09C2BD0086C457 /* StarWarsUniverse.swift in Sources */,
				6D127C821C07A8390086C457 /* JSONProcessing.swift in Sources */,
				6D0B2ED61C04DE6A00BE9AC5 /* ViewController.swift in Sources */,
				6D0B2EF51C04E51100BE9AC5 /* StarWarsCharacter.swift in Sources */,
				6D0B2EF81C06052C00BE9AC5 /* Affiliations.swift in Sources */,
				6D0B2EFA1C066F0600BE9AC5 /* ForceSensitive.swift in Sources */,
				6D0B2ED41C04DE6A00BE9AC5 /* AppDelegate.swift in Sources */,
			);
			runOnlyForDeploymentPostprocessing = 0;
		};
		6D0B2EE01C04DE6A00BE9AC5 /* Sources */ = {
			isa = PBXSourcesBuildPhase;
			buildActionMask = 2147483647;
			files = (
				6D0B2EE91C04DE6A00BE9AC5 /* StarWarsVIITests.swift in Sources */,
			);
			runOnlyForDeploymentPostprocessing = 0;
		};
/* End PBXSourcesBuildPhase section */

/* Begin PBXTargetDependency section */
		6D0B2EE61C04DE6A00BE9AC5 /* PBXTargetDependency */ = {
			isa = PBXTargetDependency;
			target = 6D0B2ECF1C04DE6A00BE9AC5 /* StarWarsVII */;
			targetProxy = 6D0B2EE51C04DE6A00BE9AC5 /* PBXContainerItemProxy */;
		};
/* End PBXTargetDependency section */

/* Begin PBXVariantGroup section */
		6D0B2ED71C04DE6A00BE9AC5 /* Main.storyboard */ = {
			isa = PBXVariantGroup;
			children = (
				6D0B2ED81C04DE6A00BE9AC5 /* Base */,
			);
			name = Main.storyboard;
			sourceTree = "<group>";
		};
		6D0B2EDC1C04DE6A00BE9AC5 /* LaunchScreen.storyboard */ = {
			isa = PBXVariantGroup;
			children = (
				6D0B2EDD1C04DE6A00BE9AC5 /* Base */,
			);
			name = LaunchScreen.storyboard;
			sourceTree = "<group>";
		};
/* End PBXVariantGroup section */

/* Begin XCBuildConfiguration section */
		6D0B2EEB1C04DE6A00BE9AC5 /* Debug */ = {
			isa = XCBuildConfiguration;
			buildSettings = {
				ALWAYS_SEARCH_USER_PATHS = NO;
				CLANG_CXX_LANGUAGE_STANDARD = "gnu++0x";
				CLANG_CXX_LIBRARY = "libc++";
				CLANG_ENABLE_MODULES = YES;
				CLANG_ENABLE_OBJC_ARC = YES;
				CLANG_WARN_BOOL_CONVERSION = YES;
				CLANG_WARN_CONSTANT_CONVERSION = YES;
				CLANG_WARN_DIRECT_OBJC_ISA_USAGE = YES_ERROR;
				CLANG_WARN_EMPTY_BODY = YES;
				CLANG_WARN_ENUM_CONVERSION = YES;
				CLANG_WARN_INT_CONVERSION = YES;
				CLANG_WARN_OBJC_ROOT_CLASS = YES_ERROR;
				CLANG_WARN_UNREACHABLE_CODE = YES;
				CLANG_WARN__DUPLICATE_METHOD_MATCH = YES;
				"CODE_SIGN_IDENTITY[sdk=iphoneos*]" = "iPhone Developer";
				COPY_PHASE_STRIP = NO;
				DEBUG_INFORMATION_FORMAT = dwarf;
				ENABLE_STRICT_OBJC_MSGSEND = YES;
				ENABLE_TESTABILITY = YES;
				GCC_C_LANGUAGE_STANDARD = gnu99;
				GCC_DYNAMIC_NO_PIC = NO;
				GCC_NO_COMMON_BLOCKS = YES;
				GCC_OPTIMIZATION_LEVEL = 0;
				GCC_PREPROCESSOR_DEFINITIONS = (
					"DEBUG=1",
					"$(inherited)",
				);
				GCC_WARN_64_TO_32_BIT_CONVERSION = YES;
				GCC_WARN_ABOUT_RETURN_TYPE = YES_ERROR;
				GCC_WARN_UNDECLARED_SELECTOR = YES;
				GCC_WARN_UNINITIALIZED_AUTOS = YES_AGGRESSIVE;
				GCC_WARN_UNUSED_FUNCTION = YES;
				GCC_WARN_UNUSED_VARIABLE = YES;
				IPHONEOS_DEPLOYMENT_TARGET = 9.1;
				MTL_ENABLE_DEBUG_INFO = YES;
				ONLY_ACTIVE_ARCH = YES;
				SDKROOT = iphoneos;
				SWIFT_OPTIMIZATION_LEVEL = "-Onone";
			};
			name = Debug;
		};
		6D0B2EEC1C04DE6A00BE9AC5 /* Release */ = {
			isa = XCBuildConfiguration;
			buildSettings = {
				ALWAYS_SEARCH_USER_PATHS = NO;
				CLANG_CXX_LANGUAGE_STANDARD = "gnu++0x";
				CLANG_CXX_LIBRARY = "libc++";
				CLANG_ENABLE_MODULES = YES;
				CLANG_ENABLE_OBJC_ARC = YES;
				CLANG_WARN_BOOL_CONVERSION = YES;
				CLANG_WARN_CONSTANT_CONVERSION = YES;
				CLANG_WARN_DIRECT_OBJC_ISA_USAGE = YES_ERROR;
				CLANG_WARN_EMPTY_BODY = YES;
				CLANG_WARN_ENUM_CONVERSION = YES;
				CLANG_WARN_INT_CONVERSION = YES;
				CLANG_WARN_OBJC_ROOT_CLASS = YES_ERROR;
				CLANG_WARN_UNREACHABLE_CODE = YES;
				CLANG_WARN__DUPLICATE_METHOD_MATCH = YES;
				"CODE_SIGN_IDENTITY[sdk=iphoneos*]" = "iPhone Developer";
				COPY_PHASE_STRIP = NO;
				DEBUG_INFORMATION_FORMAT = "dwarf-with-dsym";
				ENABLE_NS_ASSERTIONS = NO;
				ENABLE_STRICT_OBJC_MSGSEND = YES;
				GCC_C_LANGUAGE_STANDARD = gnu99;
				GCC_NO_COMMON_BLOCKS = YES;
				GCC_WARN_64_TO_32_BIT_CONVERSION = YES;
				GCC_WARN_ABOUT_RETURN_TYPE = YES_ERROR;
				GCC_WARN_UNDECLARED_SELECTOR = YES;
				GCC_WARN_UNINITIALIZED_AUTOS = YES_AGGRESSIVE;
				GCC_WARN_UNUSED_FUNCTION = YES;
				GCC_WARN_UNUSED_VARIABLE = YES;
				IPHONEOS_DEPLOYMENT_TARGET = 9.1;
				MTL_ENABLE_DEBUG_INFO = NO;
				SDKROOT = iphoneos;
				VALIDATE_PRODUCT = YES;
			};
			name = Release;
		};
		6D0B2EEE1C04DE6A00BE9AC5 /* Debug */ = {
			isa = XCBuildConfiguration;
			buildSettings = {
				ASSETCATALOG_COMPILER_APPICON_NAME = AppIcon;
				CODE_SIGN_IDENTITY = "iPhone Developer";
				"CODE_SIGN_IDENTITY[sdk=iphoneos*]" = "iPhone Developer";
				INFOPLIST_FILE = StarWarsVII/Info.plist;
				LD_RUNPATH_SEARCH_PATHS = "$(inherited) @executable_path/Frameworks";
				PRODUCT_BUNDLE_IDENTIFIER = es.com.gabi.apps.StarWarsVII;
				PRODUCT_NAME = "$(TARGET_NAME)";
				PROVISIONING_PROFILE = "";
			};
			name = Debug;
		};
		6D0B2EEF1C04DE6A00BE9AC5 /* Release */ = {
			isa = XCBuildConfiguration;
			buildSettings = {
				ASSETCATALOG_COMPILER_APPICON_NAME = AppIcon;
				CODE_SIGN_IDENTITY = "iPhone Developer";
				"CODE_SIGN_IDENTITY[sdk=iphoneos*]" = "iPhone Developer";
				INFOPLIST_FILE = StarWarsVII/Info.plist;
				LD_RUNPATH_SEARCH_PATHS = "$(inherited) @executable_path/Frameworks";
				PRODUCT_BUNDLE_IDENTIFIER = es.com.gabi.apps.StarWarsVII;
				PRODUCT_NAME = "$(TARGET_NAME)";
				PROVISIONING_PROFILE = "";
			};
			name = Release;
		};
		6D0B2EF11C04DE6A00BE9AC5 /* Debug */ = {
			isa = XCBuildConfiguration;
			buildSettings = {
				BUNDLE_LOADER = "$(TEST_HOST)";
				INFOPLIST_FILE = StarWarsVIITests/Info.plist;
				LD_RUNPATH_SEARCH_PATHS = "$(inherited) @executable_path/Frameworks @loader_path/Frameworks";
				PRODUCT_BUNDLE_IDENTIFIER = es.com.gabi.apps.StarWarsVIITests;
				PRODUCT_NAME = "$(TARGET_NAME)";
				TEST_HOST = "$(BUILT_PRODUCTS_DIR)/StarWarsVII.app/StarWarsVII";
			};
			name = Debug;
		};
		6D0B2EF21C04DE6A00BE9AC5 /* Release */ = {
			isa = XCBuildConfiguration;
			buildSettings = {
				BUNDLE_LOADER = "$(TEST_HOST)";
				INFOPLIST_FILE = StarWarsVIITests/Info.plist;
				LD_RUNPATH_SEARCH_PATHS = "$(inherited) @executable_path/Frameworks @loader_path/Frameworks";
				PRODUCT_BUNDLE_IDENTIFIER = es.com.gabi.apps.StarWarsVIITests;
				PRODUCT_NAME = "$(TARGET_NAME)";
				TEST_HOST = "$(BUILT_PRODUCTS_DIR)/StarWarsVII.app/StarWarsVII";
			};
			name = Release;
		};
/* End XCBuildConfiguration section */

/* Begin XCConfigurationList section */
		6D0B2ECB1C04DE6A00BE9AC5 /* Build configuration list for PBXProject "StarWarsVII" */ = {
			isa = XCConfigurationList;
			buildConfigurations = (
				6D0B2EEB1C04DE6A00BE9AC5 /* Debug */,
				6D0B2EEC1C04DE6A00BE9AC5 /* Release */,
			);
			defaultConfigurationIsVisible = 0;
			defaultConfigurationName = Release;
		};
		6D0B2EED1C04DE6A00BE9AC5 /* Build configuration list for PBXNativeTarget "StarWarsVII" */ = {
			isa = XCConfigurationList;
			buildConfigurations = (
				6D0B2EEE1C04DE6A00BE9AC5 /* Debug */,
				6D0B2EEF1C04DE6A00BE9AC5 /* Release */,
			);
			defaultConfigurationIsVisible = 0;
			defaultConfigurationName = Release;
		};
		6D0B2EF01C04DE6A00BE9AC5 /* Build configuration list for PBXNativeTarget "StarWarsVIITests" */ = {
			isa = XCConfigurationList;
			buildConfigurations = (
				6D0B2EF11C04DE6A00BE9AC5 /* Debug */,
				6D0B2EF21C04DE6A00BE9AC5 /* Release */,
			);
			defaultConfigurationIsVisible = 0;
			defaultConfigurationName = Release;
		};
/* End XCConfigurationList section */
	};
	rootObject = 6D0B2EC81C04DE6A00BE9AC5 /* Project object */;
}
